// !$*UTF8*$!
{
	archiveVersion = 1;
	classes = {
	};
	objectVersion = 46;
	objects = {

/* Begin PBXBuildFile section */
		481223561A69FB78002E0C5A /* main.m in Sources */ = {isa = PBXBuildFile; fileRef = 481223551A69FB78002E0C5A /* main.m */; };
		481223591A69FB78002E0C5A /* PCCAppDelegate.m in Sources */ = {isa = PBXBuildFile; fileRef = 481223581A69FB78002E0C5A /* PCCAppDelegate.m */; };
		4812235F1A69FB78002E0C5A /* Main.storyboard in Resources */ = {isa = PBXBuildFile; fileRef = 4812235D1A69FB78002E0C5A /* Main.storyboard */; };
		481223611A69FB78002E0C5A /* Images.xcassets in Resources */ = {isa = PBXBuildFile; fileRef = 481223601A69FB78002E0C5A /* Images.xcassets */; };
		481223641A69FB78002E0C5A /* LaunchScreen.xib in Resources */ = {isa = PBXBuildFile; fileRef = 481223621A69FB78002E0C5A /* LaunchScreen.xib */; };
		481223701A69FB78002E0C5A /* PropellerCodingChallengeTests.m in Sources */ = {isa = PBXBuildFile; fileRef = 4812236F1A69FB78002E0C5A /* PropellerCodingChallengeTests.m */; };
		4812237E1A6A0381002E0C5A /* Arvo-Bold.ttf in Resources */ = {isa = PBXBuildFile; fileRef = 4812237A1A6A0381002E0C5A /* Arvo-Bold.ttf */; };
		4812237F1A6A0381002E0C5A /* Arvo-BoldItalic.ttf in Resources */ = {isa = PBXBuildFile; fileRef = 4812237B1A6A0381002E0C5A /* Arvo-BoldItalic.ttf */; };
		481223801A6A0381002E0C5A /* Arvo-Italic.ttf in Resources */ = {isa = PBXBuildFile; fileRef = 4812237C1A6A0381002E0C5A /* Arvo-Italic.ttf */; };
		481223811A6A0381002E0C5A /* Arvo.ttf in Resources */ = {isa = PBXBuildFile; fileRef = 4812237D1A6A0381002E0C5A /* Arvo.ttf */; };
		481223951A6A0E72002E0C5A /* PCCInsight.m in Sources */ = {isa = PBXBuildFile; fileRef = 481223941A6A0E72002E0C5A /* PCCInsight.m */; };
		4812239B1A6A1005002E0C5A /* PCCInsightDetailsView.m in Sources */ = {isa = PBXBuildFile; fileRef = 4812239A1A6A1005002E0C5A /* PCCInsightDetailsView.m */; };
		4812239D1A6A11D2002E0C5A /* PCCInsightDetailsView.xib in Resources */ = {isa = PBXBuildFile; fileRef = 4812239C1A6A11D2002E0C5A /* PCCInsightDetailsView.xib */; };
		4812239F1A6A12B0002E0C5A /* DesignConsiderations.rtf in Resources */ = {isa = PBXBuildFile; fileRef = 4812239E1A6A12B0002E0C5A /* DesignConsiderations.rtf */; };
		481223A21A6A217D002E0C5A /* PCCInsightsCollectionViewController.m in Sources */ = {isa = PBXBuildFile; fileRef = 481223A11A6A217D002E0C5A /* PCCInsightsCollectionViewController.m */; };
		481223A61A6A21A9002E0C5A /* PCCInsightCollectionViewCell.m in Sources */ = {isa = PBXBuildFile; fileRef = 481223A41A6A21A9002E0C5A /* PCCInsightCollectionViewCell.m */; };
		481223A71A6A21A9002E0C5A /* PCCInsightCollectionViewCell.xib in Resources */ = {isa = PBXBuildFile; fileRef = 481223A51A6A21A9002E0C5A /* PCCInsightCollectionViewCell.xib */; };
		482A136B1A6A3B0C003BF5B7 /* PCCHelperFunctions.m in Sources */ = {isa = PBXBuildFile; fileRef = 482A136A1A6A3B0C003BF5B7 /* PCCHelperFunctions.m */; };
		482A136E1A6AE208003BF5B7 /* NSArray+PCCRandomObject.m in Sources */ = {isa = PBXBuildFile; fileRef = 482A136D1A6AE208003BF5B7 /* NSArray+PCCRandomObject.m */; };
		48B9C58A1A6B5F8B0099BA9B /* PCCTemplateImageGenerator.m in Sources */ = {isa = PBXBuildFile; fileRef = 48B9C5891A6B5F8B0099BA9B /* PCCTemplateImageGenerator.m */; };
		48B9C58D1A6B62A60099BA9B /* PCCImageView.m in Sources */ = {isa = PBXBuildFile; fileRef = 48B9C58C1A6B62A60099BA9B /* PCCImageView.m */; };
		48B9C59D1A6C2F0D0099BA9B /* PCCGraphData.m in Sources */ = {isa = PBXBuildFile; fileRef = 48B9C59C1A6C2F0D0099BA9B /* PCCGraphData.m */; };
		48B9C59F1A6C607A0099BA9B /* AdherenceData.json in Resources */ = {isa = PBXBuildFile; fileRef = 48B9C59E1A6C607A0099BA9B /* AdherenceData.json */; };
		48B9C5A21A6C609E0099BA9B /* PCCAdherenceData.m in Sources */ = {isa = PBXBuildFile; fileRef = 48B9C5A11A6C609E0099BA9B /* PCCAdherenceData.m */; };
		48B9C5A51A6C64B00099BA9B /* PCCAxisData.m in Sources */ = {isa = PBXBuildFile; fileRef = 48B9C5A41A6C64B00099BA9B /* PCCAxisData.m */; };
		48B9C5A81A6C6D070099BA9B /* CPTXYGraph+PCCGraph.m in Sources */ = {isa = PBXBuildFile; fileRef = 48B9C5A71A6C6D070099BA9B /* CPTXYGraph+PCCGraph.m */; };
		48B9C5BE1A6C8DB30099BA9B /* CPTScatterPlot+PCCScatterPlot.m in Sources */ = {isa = PBXBuildFile; fileRef = 48B9C5BD1A6C8DB30099BA9B /* CPTScatterPlot+PCCScatterPlot.m */; };
		839F48386C3D81E38186407D /* libPods.a in Frameworks */ = {isa = PBXBuildFile; fileRef = A90C27A983AF8C1A20749186 /* libPods.a */; };
/* End PBXBuildFile section */

/* Begin PBXContainerItemProxy section */
		4812236A1A69FB78002E0C5A /* PBXContainerItemProxy */ = {
			isa = PBXContainerItemProxy;
			containerPortal = 481223481A69FB78002E0C5A /* Project object */;
			proxyType = 1;
			remoteGlobalIDString = 4812234F1A69FB78002E0C5A;
			remoteInfo = PropellerCodingChallenge;
		};
/* End PBXContainerItemProxy section */

/* Begin PBXFileReference section */
		2CE6B589EADEA760F1404166 /* Pods.debug.xcconfig */ = {isa = PBXFileReference; includeInIndex = 1; lastKnownFileType = text.xcconfig; name = Pods.debug.xcconfig; path = "Pods/Target Support Files/Pods/Pods.debug.xcconfig"; sourceTree = "<group>"; };
		481223501A69FB78002E0C5A /* PropellerCodingChallenge.app */ = {isa = PBXFileReference; explicitFileType = wrapper.application; includeInIndex = 0; path = PropellerCodingChallenge.app; sourceTree = BUILT_PRODUCTS_DIR; };
		481223541A69FB78002E0C5A /* Info.plist */ = {isa = PBXFileReference; lastKnownFileType = text.plist.xml; path = Info.plist; sourceTree = "<group>"; };
		481223551A69FB78002E0C5A /* main.m */ = {isa = PBXFileReference; lastKnownFileType = sourcecode.c.objc; path = main.m; sourceTree = "<group>"; };
		481223571A69FB78002E0C5A /* PCCAppDelegate.h */ = {isa = PBXFileReference; lastKnownFileType = sourcecode.c.h; path = PCCAppDelegate.h; sourceTree = "<group>"; };
		481223581A69FB78002E0C5A /* PCCAppDelegate.m */ = {isa = PBXFileReference; lastKnownFileType = sourcecode.c.objc; path = PCCAppDelegate.m; sourceTree = "<group>"; };
		4812235E1A69FB78002E0C5A /* Base */ = {isa = PBXFileReference; lastKnownFileType = file.storyboard; name = Base; path = Base.lproj/Main.storyboard; sourceTree = "<group>"; };
		481223601A69FB78002E0C5A /* Images.xcassets */ = {isa = PBXFileReference; lastKnownFileType = folder.assetcatalog; path = Images.xcassets; sourceTree = "<group>"; };
		481223631A69FB78002E0C5A /* Base */ = {isa = PBXFileReference; lastKnownFileType = file.xib; name = Base; path = Base.lproj/LaunchScreen.xib; sourceTree = "<group>"; };
		481223691A69FB78002E0C5A /* PropellerCodingChallengeTests.xctest */ = {isa = PBXFileReference; explicitFileType = wrapper.cfbundle; includeInIndex = 0; path = PropellerCodingChallengeTests.xctest; sourceTree = BUILT_PRODUCTS_DIR; };
		4812236E1A69FB78002E0C5A /* Info.plist */ = {isa = PBXFileReference; lastKnownFileType = text.plist.xml; path = Info.plist; sourceTree = "<group>"; };
		4812236F1A69FB78002E0C5A /* PropellerCodingChallengeTests.m */ = {isa = PBXFileReference; lastKnownFileType = sourcecode.c.objc; path = PropellerCodingChallengeTests.m; sourceTree = "<group>"; };
		481223791A6A027C002E0C5A /* PCCGlobals.h */ = {isa = PBXFileReference; lastKnownFileType = sourcecode.c.h; path = PCCGlobals.h; sourceTree = "<group>"; };
		4812237A1A6A0381002E0C5A /* Arvo-Bold.ttf */ = {isa = PBXFileReference; lastKnownFileType = file; path = "Arvo-Bold.ttf"; sourceTree = "<group>"; };
		4812237B1A6A0381002E0C5A /* Arvo-BoldItalic.ttf */ = {isa = PBXFileReference; lastKnownFileType = file; path = "Arvo-BoldItalic.ttf"; sourceTree = "<group>"; };
		4812237C1A6A0381002E0C5A /* Arvo-Italic.ttf */ = {isa = PBXFileReference; lastKnownFileType = file; path = "Arvo-Italic.ttf"; sourceTree = "<group>"; };
		4812237D1A6A0381002E0C5A /* Arvo.ttf */ = {isa = PBXFileReference; lastKnownFileType = file; path = Arvo.ttf; sourceTree = "<group>"; };
		481223931A6A0E72002E0C5A /* PCCInsight.h */ = {isa = PBXFileReference; fileEncoding = 4; lastKnownFileType = sourcecode.c.h; path = PCCInsight.h; sourceTree = "<group>"; };
		481223941A6A0E72002E0C5A /* PCCInsight.m */ = {isa = PBXFileReference; fileEncoding = 4; lastKnownFileType = sourcecode.c.objc; path = PCCInsight.m; sourceTree = "<group>"; };
		481223991A6A1005002E0C5A /* PCCInsightDetailsView.h */ = {isa = PBXFileReference; fileEncoding = 4; lastKnownFileType = sourcecode.c.h; path = PCCInsightDetailsView.h; sourceTree = "<group>"; };
		4812239A1A6A1005002E0C5A /* PCCInsightDetailsView.m */ = {isa = PBXFileReference; fileEncoding = 4; lastKnownFileType = sourcecode.c.objc; path = PCCInsightDetailsView.m; sourceTree = "<group>"; };
		4812239C1A6A11D2002E0C5A /* PCCInsightDetailsView.xib */ = {isa = PBXFileReference; fileEncoding = 4; lastKnownFileType = file.xib; path = PCCInsightDetailsView.xib; sourceTree = "<group>"; };
		4812239E1A6A12B0002E0C5A /* DesignConsiderations.rtf */ = {isa = PBXFileReference; fileEncoding = 4; lastKnownFileType = text.rtf; path = DesignConsiderations.rtf; sourceTree = "<group>"; };
		481223A01A6A217D002E0C5A /* PCCInsightsCollectionViewController.h */ = {isa = PBXFileReference; fileEncoding = 4; lastKnownFileType = sourcecode.c.h; path = PCCInsightsCollectionViewController.h; sourceTree = "<group>"; };
		481223A11A6A217D002E0C5A /* PCCInsightsCollectionViewController.m */ = {isa = PBXFileReference; fileEncoding = 4; lastKnownFileType = sourcecode.c.objc; path = PCCInsightsCollectionViewController.m; sourceTree = "<group>"; };
		481223A31A6A21A9002E0C5A /* PCCInsightCollectionViewCell.h */ = {isa = PBXFileReference; fileEncoding = 4; lastKnownFileType = sourcecode.c.h; path = PCCInsightCollectionViewCell.h; sourceTree = "<group>"; };
		481223A41A6A21A9002E0C5A /* PCCInsightCollectionViewCell.m */ = {isa = PBXFileReference; fileEncoding = 4; lastKnownFileType = sourcecode.c.objc; path = PCCInsightCollectionViewCell.m; sourceTree = "<group>"; };
		481223A51A6A21A9002E0C5A /* PCCInsightCollectionViewCell.xib */ = {isa = PBXFileReference; fileEncoding = 4; lastKnownFileType = file.xib; path = PCCInsightCollectionViewCell.xib; sourceTree = "<group>"; };
		482A13691A6A3B0C003BF5B7 /* PCCHelperFunctions.h */ = {isa = PBXFileReference; fileEncoding = 4; lastKnownFileType = sourcecode.c.h; path = PCCHelperFunctions.h; sourceTree = "<group>"; };
		482A136A1A6A3B0C003BF5B7 /* PCCHelperFunctions.m */ = {isa = PBXFileReference; fileEncoding = 4; lastKnownFileType = sourcecode.c.objc; path = PCCHelperFunctions.m; sourceTree = "<group>"; };
		482A136C1A6AE208003BF5B7 /* NSArray+PCCRandomObject.h */ = {isa = PBXFileReference; fileEncoding = 4; lastKnownFileType = sourcecode.c.h; path = "NSArray+PCCRandomObject.h"; sourceTree = "<group>"; };
		482A136D1A6AE208003BF5B7 /* NSArray+PCCRandomObject.m */ = {isa = PBXFileReference; fileEncoding = 4; lastKnownFileType = sourcecode.c.objc; path = "NSArray+PCCRandomObject.m"; sourceTree = "<group>"; };
		48B9C5881A6B5F8B0099BA9B /* PCCTemplateImageGenerator.h */ = {isa = PBXFileReference; fileEncoding = 4; lastKnownFileType = sourcecode.c.h; path = PCCTemplateImageGenerator.h; sourceTree = "<group>"; };
		48B9C5891A6B5F8B0099BA9B /* PCCTemplateImageGenerator.m */ = {isa = PBXFileReference; fileEncoding = 4; lastKnownFileType = sourcecode.c.objc; path = PCCTemplateImageGenerator.m; sourceTree = "<group>"; };
		48B9C58B1A6B62A60099BA9B /* PCCImageView.h */ = {isa = PBXFileReference; fileEncoding = 4; lastKnownFileType = sourcecode.c.h; path = PCCImageView.h; sourceTree = "<group>"; };
		48B9C58C1A6B62A60099BA9B /* PCCImageView.m */ = {isa = PBXFileReference; fileEncoding = 4; lastKnownFileType = sourcecode.c.objc; path = PCCImageView.m; sourceTree = "<group>"; };
		48B9C59B1A6C2F0D0099BA9B /* PCCGraphData.h */ = {isa = PBXFileReference; fileEncoding = 4; lastKnownFileType = sourcecode.c.h; path = PCCGraphData.h; sourceTree = "<group>"; };
		48B9C59C1A6C2F0D0099BA9B /* PCCGraphData.m */ = {isa = PBXFileReference; fileEncoding = 4; lastKnownFileType = sourcecode.c.objc; path = PCCGraphData.m; sourceTree = "<group>"; };
		48B9C59E1A6C607A0099BA9B /* AdherenceData.json */ = {isa = PBXFileReference; fileEncoding = 4; lastKnownFileType = text.json; path = AdherenceData.json; sourceTree = "<group>"; };
		48B9C5A01A6C609E0099BA9B /* PCCAdherenceData.h */ = {isa = PBXFileReference; fileEncoding = 4; lastKnownFileType = sourcecode.c.h; path = PCCAdherenceData.h; sourceTree = "<group>"; };
		48B9C5A11A6C609E0099BA9B /* PCCAdherenceData.m */ = {isa = PBXFileReference; fileEncoding = 4; lastKnownFileType = sourcecode.c.objc; path = PCCAdherenceData.m; sourceTree = "<group>"; };
		48B9C5A31A6C64B00099BA9B /* PCCAxisData.h */ = {isa = PBXFileReference; fileEncoding = 4; lastKnownFileType = sourcecode.c.h; path = PCCAxisData.h; sourceTree = "<group>"; };
		48B9C5A41A6C64B00099BA9B /* PCCAxisData.m */ = {isa = PBXFileReference; fileEncoding = 4; lastKnownFileType = sourcecode.c.objc; path = PCCAxisData.m; sourceTree = "<group>"; };
		48B9C5A61A6C6D070099BA9B /* CPTXYGraph+PCCGraph.h */ = {isa = PBXFileReference; fileEncoding = 4; lastKnownFileType = sourcecode.c.h; path = "CPTXYGraph+PCCGraph.h"; sourceTree = "<group>"; };
		48B9C5A71A6C6D070099BA9B /* CPTXYGraph+PCCGraph.m */ = {isa = PBXFileReference; fileEncoding = 4; lastKnownFileType = sourcecode.c.objc; path = "CPTXYGraph+PCCGraph.m"; sourceTree = "<group>"; };
		48B9C5BC1A6C8DB30099BA9B /* CPTScatterPlot+PCCScatterPlot.h */ = {isa = PBXFileReference; fileEncoding = 4; lastKnownFileType = sourcecode.c.h; path = "CPTScatterPlot+PCCScatterPlot.h"; sourceTree = "<group>"; };
		48B9C5BD1A6C8DB30099BA9B /* CPTScatterPlot+PCCScatterPlot.m */ = {isa = PBXFileReference; fileEncoding = 4; lastKnownFileType = sourcecode.c.objc; path = "CPTScatterPlot+PCCScatterPlot.m"; sourceTree = "<group>"; };
		94D7D6F3C15296A6266A800F /* Pods.release.xcconfig */ = {isa = PBXFileReference; includeInIndex = 1; lastKnownFileType = text.xcconfig; name = Pods.release.xcconfig; path = "Pods/Target Support Files/Pods/Pods.release.xcconfig"; sourceTree = "<group>"; };
		A90C27A983AF8C1A20749186 /* libPods.a */ = {isa = PBXFileReference; explicitFileType = archive.ar; includeInIndex = 0; path = libPods.a; sourceTree = BUILT_PRODUCTS_DIR; };
/* End PBXFileReference section */

/* Begin PBXFrameworksBuildPhase section */
		4812234D1A69FB78002E0C5A /* Frameworks */ = {
			isa = PBXFrameworksBuildPhase;
			buildActionMask = 2147483647;
			files = (
				839F48386C3D81E38186407D /* libPods.a in Frameworks */,
			);
			runOnlyForDeploymentPostprocessing = 0;
		};
		481223661A69FB78002E0C5A /* Frameworks */ = {
			isa = PBXFrameworksBuildPhase;
			buildActionMask = 2147483647;
			files = (
			);
			runOnlyForDeploymentPostprocessing = 0;
		};
/* End PBXFrameworksBuildPhase section */

/* Begin PBXGroup section */
		481223471A69FB78002E0C5A = {
			isa = PBXGroup;
			children = (
				4812239E1A6A12B0002E0C5A /* DesignConsiderations.rtf */,
				48B9C59E1A6C607A0099BA9B /* AdherenceData.json */,
				481223521A69FB78002E0C5A /* PropellerCodingChallenge */,
				4812236C1A69FB78002E0C5A /* PropellerCodingChallengeTests */,
				481223511A69FB78002E0C5A /* Products */,
				67CC5061F94D257A5067F2B9 /* Pods */,
				58E0857059332D923E8A0CF7 /* Frameworks */,
			);
			sourceTree = "<group>";
		};
		481223511A69FB78002E0C5A /* Products */ = {
			isa = PBXGroup;
			children = (
				481223501A69FB78002E0C5A /* PropellerCodingChallenge.app */,
				481223691A69FB78002E0C5A /* PropellerCodingChallengeTests.xctest */,
			);
			name = Products;
			sourceTree = "<group>";
		};
		481223521A69FB78002E0C5A /* PropellerCodingChallenge */ = {
			isa = PBXGroup;
			children = (
				481223571A69FB78002E0C5A /* PCCAppDelegate.h */,
				481223581A69FB78002E0C5A /* PCCAppDelegate.m */,
				481223961A6A0FA0002E0C5A /* Models */,
				481223971A6A0FA6002E0C5A /* Views */,
				481223981A6A0FAB002E0C5A /* ViewControllers */,
				48B9C5C01A6CC1890099BA9B /* HelperFunctions */,
				4812235D1A69FB78002E0C5A /* Main.storyboard */,
				481223601A69FB78002E0C5A /* Images.xcassets */,
				481223621A69FB78002E0C5A /* LaunchScreen.xib */,
				481223531A69FB78002E0C5A /* Supporting Files */,
			);
			path = PropellerCodingChallenge;
			sourceTree = "<group>";
		};
		481223531A69FB78002E0C5A /* Supporting Files */ = {
			isa = PBXGroup;
			children = (
				4812237A1A6A0381002E0C5A /* Arvo-Bold.ttf */,
				4812237B1A6A0381002E0C5A /* Arvo-BoldItalic.ttf */,
				4812237C1A6A0381002E0C5A /* Arvo-Italic.ttf */,
				4812237D1A6A0381002E0C5A /* Arvo.ttf */,
				481223541A69FB78002E0C5A /* Info.plist */,
				481223551A69FB78002E0C5A /* main.m */,
			);
			name = "Supporting Files";
			sourceTree = "<group>";
		};
		4812236C1A69FB78002E0C5A /* PropellerCodingChallengeTests */ = {
			isa = PBXGroup;
			children = (
				4812236F1A69FB78002E0C5A /* PropellerCodingChallengeTests.m */,
				4812236D1A69FB78002E0C5A /* Supporting Files */,
			);
			path = PropellerCodingChallengeTests;
			sourceTree = "<group>";
		};
		4812236D1A69FB78002E0C5A /* Supporting Files */ = {
			isa = PBXGroup;
			children = (
				4812236E1A69FB78002E0C5A /* Info.plist */,
			);
			name = "Supporting Files";
			sourceTree = "<group>";
		};
		481223961A6A0FA0002E0C5A /* Models */ = {
			isa = PBXGroup;
			children = (
				481223931A6A0E72002E0C5A /* PCCInsight.h */,
				481223941A6A0E72002E0C5A /* PCCInsight.m */,
				48B9C59B1A6C2F0D0099BA9B /* PCCGraphData.h */,
				48B9C59C1A6C2F0D0099BA9B /* PCCGraphData.m */,
				48B9C5A31A6C64B00099BA9B /* PCCAxisData.h */,
				48B9C5A41A6C64B00099BA9B /* PCCAxisData.m */,
				48B9C5A01A6C609E0099BA9B /* PCCAdherenceData.h */,
				48B9C5A11A6C609E0099BA9B /* PCCAdherenceData.m */,
			);
			name = Models;
			sourceTree = "<group>";
		};
		481223971A6A0FA6002E0C5A /* Views */ = {
			isa = PBXGroup;
			children = (
				481223A31A6A21A9002E0C5A /* PCCInsightCollectionViewCell.h */,
				481223A41A6A21A9002E0C5A /* PCCInsightCollectionViewCell.m */,
				481223A51A6A21A9002E0C5A /* PCCInsightCollectionViewCell.xib */,
				481223991A6A1005002E0C5A /* PCCInsightDetailsView.h */,
				4812239A1A6A1005002E0C5A /* PCCInsightDetailsView.m */,
				4812239C1A6A11D2002E0C5A /* PCCInsightDetailsView.xib */,
				48B9C58B1A6B62A60099BA9B /* PCCImageView.h */,
				48B9C58C1A6B62A60099BA9B /* PCCImageView.m */,
			);
			name = Views;
			sourceTree = "<group>";
		};
		481223981A6A0FAB002E0C5A /* ViewControllers */ = {
			isa = PBXGroup;
			children = (
				481223A01A6A217D002E0C5A /* PCCInsightsCollectionViewController.h */,
				481223A11A6A217D002E0C5A /* PCCInsightsCollectionViewController.m */,
			);
			name = ViewControllers;
			sourceTree = "<group>";
		};
		48B9C5BF1A6CC1790099BA9B /* Categories */ = {
			isa = PBXGroup;
			children = (
				482A136C1A6AE208003BF5B7 /* NSArray+PCCRandomObject.h */,
				482A136D1A6AE208003BF5B7 /* NSArray+PCCRandomObject.m */,
				48B9C5A61A6C6D070099BA9B /* CPTXYGraph+PCCGraph.h */,
				48B9C5A71A6C6D070099BA9B /* CPTXYGraph+PCCGraph.m */,
				48B9C5BC1A6C8DB30099BA9B /* CPTScatterPlot+PCCScatterPlot.h */,
				48B9C5BD1A6C8DB30099BA9B /* CPTScatterPlot+PCCScatterPlot.m */,
			);
			name = Categories;
			sourceTree = "<group>";
		};
		48B9C5C01A6CC1890099BA9B /* HelperFunctions */ = {
			isa = PBXGroup;
			children = (
				481223791A6A027C002E0C5A /* PCCGlobals.h */,
				48B9C5BF1A6CC1790099BA9B /* Categories */,
				482A13691A6A3B0C003BF5B7 /* PCCHelperFunctions.h */,
				482A136A1A6A3B0C003BF5B7 /* PCCHelperFunctions.m */,
				48B9C5881A6B5F8B0099BA9B /* PCCTemplateImageGenerator.h */,
				48B9C5891A6B5F8B0099BA9B /* PCCTemplateImageGenerator.m */,
			);
			name = HelperFunctions;
			sourceTree = "<group>";
		};
		58E0857059332D923E8A0CF7 /* Frameworks */ = {
			isa = PBXGroup;
			children = (
				A90C27A983AF8C1A20749186 /* libPods.a */,
			);
			name = Frameworks;
			sourceTree = "<group>";
		};
		67CC5061F94D257A5067F2B9 /* Pods */ = {
			isa = PBXGroup;
			children = (
				2CE6B589EADEA760F1404166 /* Pods.debug.xcconfig */,
				94D7D6F3C15296A6266A800F /* Pods.release.xcconfig */,
			);
			name = Pods;
			sourceTree = "<group>";
		};
/* End PBXGroup section */

/* Begin PBXNativeTarget section */
		4812234F1A69FB78002E0C5A /* PropellerCodingChallenge */ = {
			isa = PBXNativeTarget;
			buildConfigurationList = 481223731A69FB78002E0C5A /* Build configuration list for PBXNativeTarget "PropellerCodingChallenge" */;
			buildPhases = (
				393E102BDC448ED7522015ED /* Check Pods Manifest.lock */,
				4812234C1A69FB78002E0C5A /* Sources */,
				4812234D1A69FB78002E0C5A /* Frameworks */,
				4812234E1A69FB78002E0C5A /* Resources */,
				74898529CD3B2E4E772D9E17 /* Copy Pods Resources */,
			);
			buildRules = (
			);
			dependencies = (
			);
			name = PropellerCodingChallenge;
			productName = PropellerCodingChallenge;
			productReference = 481223501A69FB78002E0C5A /* PropellerCodingChallenge.app */;
			productType = "com.apple.product-type.application";
		};
		481223681A69FB78002E0C5A /* PropellerCodingChallengeTests */ = {
			isa = PBXNativeTarget;
			buildConfigurationList = 481223761A69FB78002E0C5A /* Build configuration list for PBXNativeTarget "PropellerCodingChallengeTests" */;
			buildPhases = (
				481223651A69FB78002E0C5A /* Sources */,
				481223661A69FB78002E0C5A /* Frameworks */,
				481223671A69FB78002E0C5A /* Resources */,
			);
			buildRules = (
			);
			dependencies = (
				4812236B1A69FB78002E0C5A /* PBXTargetDependency */,
			);
			name = PropellerCodingChallengeTests;
			productName = PropellerCodingChallengeTests;
			productReference = 481223691A69FB78002E0C5A /* PropellerCodingChallengeTests.xctest */;
			productType = "com.apple.product-type.bundle.unit-test";
		};
/* End PBXNativeTarget section */

/* Begin PBXProject section */
		481223481A69FB78002E0C5A /* Project object */ = {
			isa = PBXProject;
			attributes = {
				CLASSPREFIX = PCC;
				LastUpgradeCheck = 0620;
				ORGANIZATIONNAME = Feef;
				TargetAttributes = {
					4812234F1A69FB78002E0C5A = {
						CreatedOnToolsVersion = 6.2;
					};
					481223681A69FB78002E0C5A = {
						CreatedOnToolsVersion = 6.2;
						TestTargetID = 4812234F1A69FB78002E0C5A;
					};
				};
			};
			buildConfigurationList = 4812234B1A69FB78002E0C5A /* Build configuration list for PBXProject "PropellerCodingChallenge" */;
			compatibilityVersion = "Xcode 3.2";
			developmentRegion = English;
			hasScannedForEncodings = 0;
			knownRegions = (
				en,
				Base,
			);
			mainGroup = 481223471A69FB78002E0C5A;
			productRefGroup = 481223511A69FB78002E0C5A /* Products */;
			projectDirPath = "";
			projectRoot = "";
			targets = (
				4812234F1A69FB78002E0C5A /* PropellerCodingChallenge */,
				481223681A69FB78002E0C5A /* PropellerCodingChallengeTests */,
			);
		};
/* End PBXProject section */

/* Begin PBXResourcesBuildPhase section */
		4812234E1A69FB78002E0C5A /* Resources */ = {
			isa = PBXResourcesBuildPhase;
			buildActionMask = 2147483647;
			files = (
				4812235F1A69FB78002E0C5A /* Main.storyboard in Resources */,
				4812239D1A6A11D2002E0C5A /* PCCInsightDetailsView.xib in Resources */,
				481223641A69FB78002E0C5A /* LaunchScreen.xib in Resources */,
				481223801A6A0381002E0C5A /* Arvo-Italic.ttf in Resources */,
				481223811A6A0381002E0C5A /* Arvo.ttf in Resources */,
				48B9C59F1A6C607A0099BA9B /* AdherenceData.json in Resources */,
				481223611A69FB78002E0C5A /* Images.xcassets in Resources */,
				4812239F1A6A12B0002E0C5A /* DesignConsiderations.rtf in Resources */,
				4812237F1A6A0381002E0C5A /* Arvo-BoldItalic.ttf in Resources */,
				481223A71A6A21A9002E0C5A /* PCCInsightCollectionViewCell.xib in Resources */,
				4812237E1A6A0381002E0C5A /* Arvo-Bold.ttf in Resources */,
			);
			runOnlyForDeploymentPostprocessing = 0;
		};
		481223671A69FB78002E0C5A /* Resources */ = {
			isa = PBXResourcesBuildPhase;
			buildActionMask = 2147483647;
			files = (
			);
			runOnlyForDeploymentPostprocessing = 0;
		};
/* End PBXResourcesBuildPhase section */

/* Begin PBXShellScriptBuildPhase section */
		393E102BDC448ED7522015ED /* Check Pods Manifest.lock */ = {
			isa = PBXShellScriptBuildPhase;
			buildActionMask = 2147483647;
			files = (
			);
			inputPaths = (
			);
			name = "Check Pods Manifest.lock";
			outputPaths = (
			);
			runOnlyForDeploymentPostprocessing = 0;
			shellPath = /bin/sh;
			shellScript = "diff \"${PODS_ROOT}/../Podfile.lock\" \"${PODS_ROOT}/Manifest.lock\" > /dev/null\nif [[ $? != 0 ]] ; then\n    cat << EOM\nerror: The sandbox is not in sync with the Podfile.lock. Run 'pod install' or update your CocoaPods installation.\nEOM\n    exit 1\nfi\n";
			showEnvVarsInLog = 0;
		};
		74898529CD3B2E4E772D9E17 /* Copy Pods Resources */ = {
			isa = PBXShellScriptBuildPhase;
			buildActionMask = 2147483647;
			files = (
			);
			inputPaths = (
			);
			name = "Copy Pods Resources";
			outputPaths = (
			);
			runOnlyForDeploymentPostprocessing = 0;
			shellPath = /bin/sh;
			shellScript = "\"${SRCROOT}/Pods/Target Support Files/Pods/Pods-resources.sh\"\n";
			showEnvVarsInLog = 0;
		};
/* End PBXShellScriptBuildPhase section */

/* Begin PBXSourcesBuildPhase section */
		4812234C1A69FB78002E0C5A /* Sources */ = {
			isa = PBXSourcesBuildPhase;
			buildActionMask = 2147483647;
			files = (
				48B9C5A21A6C609E0099BA9B /* PCCAdherenceData.m in Sources */,
				48B9C5A51A6C64B00099BA9B /* PCCAxisData.m in Sources */,
				481223591A69FB78002E0C5A /* PCCAppDelegate.m in Sources */,
				48B9C58A1A6B5F8B0099BA9B /* PCCTemplateImageGenerator.m in Sources */,
				4812239B1A6A1005002E0C5A /* PCCInsightDetailsView.m in Sources */,
				481223A21A6A217D002E0C5A /* PCCInsightsCollectionViewController.m in Sources */,
				481223A61A6A21A9002E0C5A /* PCCInsightCollectionViewCell.m in Sources */,
				481223951A6A0E72002E0C5A /* PCCInsight.m in Sources */,
				482A136E1A6AE208003BF5B7 /* NSArray+PCCRandomObject.m in Sources */,
				48B9C5A81A6C6D070099BA9B /* CPTXYGraph+PCCGraph.m in Sources */,
				481223561A69FB78002E0C5A /* main.m in Sources */,
				482A136B1A6A3B0C003BF5B7 /* PCCHelperFunctions.m in Sources */,
				48B9C5BE1A6C8DB30099BA9B /* CPTScatterPlot+PCCScatterPlot.m in Sources */,
				48B9C58D1A6B62A60099BA9B /* PCCImageView.m in Sources */,
				48B9C59D1A6C2F0D0099BA9B /* PCCGraphData.m in Sources */,
			);
			runOnlyForDeploymentPostprocessing = 0;
		};
		481223651A69FB78002E0C5A /* Sources */ = {
			isa = PBXSourcesBuildPhase;
			buildActionMask = 2147483647;
			files = (
				481223701A69FB78002E0C5A /* PropellerCodingChallengeTests.m in Sources */,
			);
			runOnlyForDeploymentPostprocessing = 0;
		};
/* End PBXSourcesBuildPhase section */

/* Begin PBXTargetDependency section */
		4812236B1A69FB78002E0C5A /* PBXTargetDependency */ = {
			isa = PBXTargetDependency;
			target = 4812234F1A69FB78002E0C5A /* PropellerCodingChallenge */;
			targetProxy = 4812236A1A69FB78002E0C5A /* PBXContainerItemProxy */;
		};
/* End PBXTargetDependency section */

/* Begin PBXVariantGroup section */
		4812235D1A69FB78002E0C5A /* Main.storyboard */ = {
			isa = PBXVariantGroup;
			children = (
				4812235E1A69FB78002E0C5A /* Base */,
			);
			name = Main.storyboard;
			sourceTree = "<group>";
		};
		481223621A69FB78002E0C5A /* LaunchScreen.xib */ = {
			isa = PBXVariantGroup;
			children = (
				481223631A69FB78002E0C5A /* Base */,
			);
			name = LaunchScreen.xib;
			sourceTree = "<group>";
		};
/* End PBXVariantGroup section */

/* Begin XCBuildConfiguration section */
		481223711A69FB78002E0C5A /* Debug */ = {
			isa = XCBuildConfiguration;
			buildSettings = {
				ALWAYS_SEARCH_USER_PATHS = NO;
				CLANG_CXX_LANGUAGE_STANDARD = "gnu++0x";
				CLANG_CXX_LIBRARY = "libc++";
				CLANG_ENABLE_MODULES = YES;
				CLANG_ENABLE_OBJC_ARC = YES;
				CLANG_WARN_BOOL_CONVERSION = YES;
				CLANG_WARN_CONSTANT_CONVERSION = YES;
				CLANG_WARN_DIRECT_OBJC_ISA_USAGE = YES_ERROR;
				CLANG_WARN_EMPTY_BODY = YES;
				CLANG_WARN_ENUM_CONVERSION = YES;
				CLANG_WARN_INT_CONVERSION = YES;
				CLANG_WARN_OBJC_ROOT_CLASS = YES_ERROR;
				CLANG_WARN_UNREACHABLE_CODE = YES;
				CLANG_WARN__DUPLICATE_METHOD_MATCH = YES;
				"CODE_SIGN_IDENTITY[sdk=iphoneos*]" = "iPhone Developer";
				COPY_PHASE_STRIP = NO;
				ENABLE_STRICT_OBJC_MSGSEND = YES;
				GCC_C_LANGUAGE_STANDARD = gnu99;
				GCC_DYNAMIC_NO_PIC = NO;
				GCC_OPTIMIZATION_LEVEL = 0;
				GCC_PREPROCESSOR_DEFINITIONS = (
					"DEBUG=1",
					"$(inherited)",
				);
				GCC_SYMBOLS_PRIVATE_EXTERN = NO;
				GCC_WARN_64_TO_32_BIT_CONVERSION = YES;
				GCC_WARN_ABOUT_RETURN_TYPE = YES_ERROR;
				GCC_WARN_UNDECLARED_SELECTOR = YES;
				GCC_WARN_UNINITIALIZED_AUTOS = YES_AGGRESSIVE;
				GCC_WARN_UNUSED_FUNCTION = YES;
				GCC_WARN_UNUSED_VARIABLE = YES;
				IPHONEOS_DEPLOYMENT_TARGET = 8.2;
				MTL_ENABLE_DEBUG_INFO = YES;
				ONLY_ACTIVE_ARCH = YES;
				SDKROOT = iphoneos;
			};
			name = Debug;
		};
		481223721A69FB78002E0C5A /* Release */ = {
			isa = XCBuildConfiguration;
			buildSettings = {
				ALWAYS_SEARCH_USER_PATHS = NO;
				CLANG_CXX_LANGUAGE_STANDARD = "gnu++0x";
				CLANG_CXX_LIBRARY = "libc++";
				CLANG_ENABLE_MODULES = YES;
				CLANG_ENABLE_OBJC_ARC = YES;
				CLANG_WARN_BOOL_CONVERSION = YES;
				CLANG_WARN_CONSTANT_CONVERSION = YES;
				CLANG_WARN_DIRECT_OBJC_ISA_USAGE = YES_ERROR;
				CLANG_WARN_EMPTY_BODY = YES;
				CLANG_WARN_ENUM_CONVERSION = YES;
				CLANG_WARN_INT_CONVERSION = YES;
				CLANG_WARN_OBJC_ROOT_CLASS = YES_ERROR;
				CLANG_WARN_UNREACHABLE_CODE = YES;
				CLANG_WARN__DUPLICATE_METHOD_MATCH = YES;
				"CODE_SIGN_IDENTITY[sdk=iphoneos*]" = "iPhone Developer";
				COPY_PHASE_STRIP = YES;
				ENABLE_NS_ASSERTIONS = NO;
				ENABLE_STRICT_OBJC_MSGSEND = YES;
				GCC_C_LANGUAGE_STANDARD = gnu99;
				GCC_WARN_64_TO_32_BIT_CONVERSION = YES;
				GCC_WARN_ABOUT_RETURN_TYPE = YES_ERROR;
				GCC_WARN_UNDECLARED_SELECTOR = YES;
				GCC_WARN_UNINITIALIZED_AUTOS = YES_AGGRESSIVE;
				GCC_WARN_UNUSED_FUNCTION = YES;
				GCC_WARN_UNUSED_VARIABLE = YES;
				IPHONEOS_DEPLOYMENT_TARGET = 8.2;
				MTL_ENABLE_DEBUG_INFO = NO;
				SDKROOT = iphoneos;
				VALIDATE_PRODUCT = YES;
			};
			name = Release;
		};
		481223741A69FB78002E0C5A /* Debug */ = {
			isa = XCBuildConfiguration;
			baseConfigurationReference = 2CE6B589EADEA760F1404166 /* Pods.debug.xcconfig */;
			buildSettings = {
				ASSETCATALOG_COMPILER_APPICON_NAME = AppIcon;
				INFOPLIST_FILE = PropellerCodingChallenge/Info.plist;
				IPHONEOS_DEPLOYMENT_TARGET = 8.0;
				LD_RUNPATH_SEARCH_PATHS = "$(inherited) @executable_path/Frameworks";
				PRODUCT_NAME = "$(TARGET_NAME)";
			};
			name = Debug;
		};
		481223751A69FB78002E0C5A /* Release */ = {
			isa = XCBuildConfiguration;
			baseConfigurationReference = 94D7D6F3C15296A6266A800F /* Pods.release.xcconfig */;
			buildSettings = {
				ASSETCATALOG_COMPILER_APPICON_NAME = AppIcon;
				INFOPLIST_FILE = PropellerCodingChallenge/Info.plist;
				IPHONEOS_DEPLOYMENT_TARGET = 8.0;
				LD_RUNPATH_SEARCH_PATHS = "$(inherited) @executable_path/Frameworks";
				PRODUCT_NAME = "$(TARGET_NAME)";
			};
			name = Release;
		};
		481223771A69FB78002E0C5A /* Debug */ = {
			isa = XCBuildConfiguration;
			buildSettings = {
				BUNDLE_LOADER = "$(TEST_HOST)";
				FRAMEWORK_SEARCH_PATHS = (
					"$(SDKROOT)/Developer/Library/Frameworks",
					"$(inherited)",
				);
				GCC_PREPROCESSOR_DEFINITIONS = (
					"DEBUG=1",
					"$(inherited)",
				);
				INFOPLIST_FILE = PropellerCodingChallengeTests/Info.plist;
				LD_RUNPATH_SEARCH_PATHS = "$(inherited) @executable_path/Frameworks @loader_path/Frameworks";
				PRODUCT_NAME = "$(TARGET_NAME)";
				TEST_HOST = "$(BUILT_PRODUCTS_DIR)/PropellerCodingChallenge.app/PropellerCodingChallenge";
			};
			name = Debug;
		};
		481223781A69FB78002E0C5A /* Release */ = {
			isa = XCBuildConfiguration;
			buildSettings = {
				BUNDLE_LOADER = "$(TEST_HOST)";
				FRAMEWORK_SEARCH_PATHS = (
					"$(SDKROOT)/Developer/Library/Frameworks",
					"$(inherited)",
				);
				INFOPLIST_FILE = PropellerCodingChallengeTests/Info.plist;
				LD_RUNPATH_SEARCH_PATHS = "$(inherited) @executable_path/Frameworks @loader_path/Frameworks";
				PRODUCT_NAME = "$(TARGET_NAME)";
				TEST_HOST = "$(BUILT_PRODUCTS_DIR)/PropellerCodingChallenge.app/PropellerCodingChallenge";
			};
			name = Release;
		};
/* End XCBuildConfiguration section */

/* Begin XCConfigurationList section */
		4812234B1A69FB78002E0C5A /* Build configuration list for PBXProject "PropellerCodingChallenge" */ = {
			isa = XCConfigurationList;
			buildConfigurations = (
				481223711A69FB78002E0C5A /* Debug */,
				481223721A69FB78002E0C5A /* Release */,
			);
			defaultConfigurationIsVisible = 0;
			defaultConfigurationName = Release;
		};
		481223731A69FB78002E0C5A /* Build configuration list for PBXNativeTarget "PropellerCodingChallenge" */ = {
			isa = XCConfigurationList;
			buildConfigurations = (
				481223741A69FB78002E0C5A /* Debug */,
				481223751A69FB78002E0C5A /* Release */,
			);
			defaultConfigurationIsVisible = 0;
			defaultConfigurationName = Release;
		};
		481223761A69FB78002E0C5A /* Build configuration list for PBXNativeTarget "PropellerCodingChallengeTests" */ = {
			isa = XCConfigurationList;
			buildConfigurations = (
				481223771A69FB78002E0C5A /* Debug */,
				481223781A69FB78002E0C5A /* Release */,
			);
			defaultConfigurationIsVisible = 0;
			defaultConfigurationName = Release;
		};
/* End XCConfigurationList section */
	};
	rootObject = 481223481A69FB78002E0C5A /* Project object */;
}
